
Microsoft Visual Studio Solution File, Format Version 12.00
# Visual Studio Version 16
VisualStudioVersion = 16.0.31112.23
MinimumVisualStudioVersion = 10.0.40219.1
Project("{FAE04EC0-301F-11D3-BF4B-00C04F79EFBC}") = "LeetCode3LongestSubstring", "LeetCode3LongestSubstring.csproj", "{64972274-502E-41C4-A5C8-5EA23BC065DA}"
EndProject
Global
	GlobalSection(SolutionConfigurationPlatforms) = preSolution
		Debug|Any CPU = Debug|Any CPU
		Release|Any CPU = Release|Any CPU
	EndGlobalSection
	GlobalSection(ProjectConfigurationPlatforms) = postSolution
		{64972274-502E-41C4-A5C8-5EA23BC065DA}.Debug|Any CPU.ActiveCfg = Debug|Any CPU
		{64972274-502E-41C4-A5C8-5EA23BC065DA}.Debug|Any CPU.Build.0 = Debug|Any CPU
		{64972274-502E-41C4-A5C8-5EA23BC065DA}.Release|Any CPU.ActiveCfg = Release|Any CPU
		{64972274-502E-41C4-A5C8-5EA23BC065DA}.Release|Any CPU.Build.0 = Release|Any CPU
	EndGlobalSection
	GlobalSection(SolutionProperties) = preSolution
		HideSolutionNode = FALSE
	EndGlobalSection
	GlobalSection(ExtensibilityGlobals) = postSolution
		SolutionGuid = {8F3C6407-8DC4-41B4-BFB8-E959F66A5223}
	EndGlobalSection
EndGlobal
